
Microsoft Visual Studio Solution File, Format Version 11.00
# Visual C# Express 2010
Project("{FAE04EC0-301F-11D3-BF4B-00C04F79EFBC}") = "MinesweeperPlayer", "MinesweeperPlayer\MinesweeperPlayer.csproj", "{AECF9008-E8C0-46CE-B3A8-3F2872FAA65F}"
EndProject
Global
	GlobalSection(SolutionConfigurationPlatforms) = preSolution
		Debug|Any CPU = Debug|Any CPU
		Release|Any CPU = Release|Any CPU
	EndGlobalSection
	GlobalSection(ProjectConfigurationPlatforms) = postSolution
		{AECF9008-E8C0-46CE-B3A8-3F2872FAA65F}.Debug|Any CPU.ActiveCfg = Debug|Any CPU
		{AECF9008-E8C0-46CE-B3A8-3F2872FAA65F}.Debug|Any CPU.Build.0 = Debug|Any CPU
		{AECF9008-E8C0-46CE-B3A8-3F2872FAA65F}.Release|Any CPU.ActiveCfg = Release|Any CPU
		{AECF9008-E8C0-46CE-B3A8-3F2872FAA65F}.Release|Any CPU.Build.0 = Release|Any CPU
	EndGlobalSection
	GlobalSection(SolutionProperties) = preSolution
		HideSolutionNode = FALSE
	EndGlobalSection
EndGlobal
